
Microsoft Visual Studio Solution File, Format Version 12.00
# Visual Studio Version 16
VisualStudioVersion = 16.0.31313.79
MinimumVisualStudioVersion = 10.0.40219.1
Project("{2150E333-8FDC-42A3-9474-1A3956D46DE8}") = "src", "src", "{AE497BF4-391B-410A-94A4-4C699DD2A5DA}"
EndProject
Project("{2150E333-8FDC-42A3-9474-1A3956D46DE8}") = "tests", "tests", "{E54C76FA-72B2-45FB-A179-25B2FAD20960}"
EndProject
Project("{9A19103F-16F7-4668-BE54-9A1E7A4F7556}") = "ZooApp", "src\ZooApp\ZooApp.csproj", "{D71E8C57-AB2F-4266-9C49-C0F37B8D1E68}"
EndProject
Project("{2150E333-8FDC-42A3-9474-1A3956D46DE8}") = "ZooApp.Test", "ZooApp.Test", "{53F0DA2A-FCE1-448E-B8BA-1D7FCB0C01B8}"
EndProject
Project("{9A19103F-16F7-4668-BE54-9A1E7A4F7556}") = "ZooApp.Test", "tests\ZooApp.Test\ZooApp.Test.csproj", "{1352EA9C-6862-487D-84BE-504EEF84246E}"
EndProject
Global
	GlobalSection(SolutionConfigurationPlatforms) = preSolution
		Debug|Any CPU = Debug|Any CPU
		Release|Any CPU = Release|Any CPU
	EndGlobalSection
	GlobalSection(ProjectConfigurationPlatforms) = postSolution
		{D71E8C57-AB2F-4266-9C49-C0F37B8D1E68}.Debug|Any CPU.ActiveCfg = Debug|Any CPU
		{D71E8C57-AB2F-4266-9C49-C0F37B8D1E68}.Debug|Any CPU.Build.0 = Debug|Any CPU
		{D71E8C57-AB2F-4266-9C49-C0F37B8D1E68}.Release|Any CPU.ActiveCfg = Release|Any CPU
		{D71E8C57-AB2F-4266-9C49-C0F37B8D1E68}.Release|Any CPU.Build.0 = Release|Any CPU
		{1352EA9C-6862-487D-84BE-504EEF84246E}.Debug|Any CPU.ActiveCfg = Debug|Any CPU
		{1352EA9C-6862-487D-84BE-504EEF84246E}.Debug|Any CPU.Build.0 = Debug|Any CPU
		{1352EA9C-6862-487D-84BE-504EEF84246E}.Release|Any CPU.ActiveCfg = Release|Any CPU
		{1352EA9C-6862-487D-84BE-504EEF84246E}.Release|Any CPU.Build.0 = Release|Any CPU
	EndGlobalSection
	GlobalSection(SolutionProperties) = preSolution
		HideSolutionNode = FALSE
	EndGlobalSection
	GlobalSection(NestedProjects) = preSolution
		{D71E8C57-AB2F-4266-9C49-C0F37B8D1E68} = {AE497BF4-391B-410A-94A4-4C699DD2A5DA}
		{53F0DA2A-FCE1-448E-B8BA-1D7FCB0C01B8} = {E54C76FA-72B2-45FB-A179-25B2FAD20960}
		{1352EA9C-6862-487D-84BE-504EEF84246E} = {53F0DA2A-FCE1-448E-B8BA-1D7FCB0C01B8}
	EndGlobalSection
	GlobalSection(ExtensibilityGlobals) = postSolution
		SolutionGuid = {511E19B2-9D9C-47F1-B0AE-9F8D195B87E9}
	EndGlobalSection
EndGlobal
